// !$*UTF8*$!
{
	archiveVersion = 1;
	classes = {
	};
	objectVersion = 56;
	objects = {

/* Begin PBXBuildFile section */
		FE0FA8D72B4C202A00D96C7A /* ColorPickerBootcamp.swift in Sources */ = {isa = PBXBuildFile; fileRef = FE0FA8D62B4C202A00D96C7A /* ColorPickerBootcamp.swift */; };
		FE1408F12B5413AF0077841E /* TapGestureBootcamp.swift in Sources */ = {isa = PBXBuildFile; fileRef = FE1408F02B5413AF0077841E /* TapGestureBootcamp.swift */; };
		FE1408F32B541B6D0077841E /* ModelBootcamp.swift in Sources */ = {isa = PBXBuildFile; fileRef = FE1408F22B541B6D0077841E /* ModelBootcamp.swift */; };
		FE1408F52B55DF390077841E /* ViewModelBootcamp.swift in Sources */ = {isa = PBXBuildFile; fileRef = FE1408F42B55DF390077841E /* ViewModelBootcamp.swift */; };
		FE2252B92B02182800935C99 /* PopoverBootcamp.swift in Sources */ = {isa = PBXBuildFile; fileRef = FE2252B82B02182800935C99 /* PopoverBootcamp.swift */; };
		FE2EE3582B44422D008EEE2F /* NavigationViewBootcamp.swift in Sources */ = {isa = PBXBuildFile; fileRef = FE2EE3572B44422D008EEE2F /* NavigationViewBootcamp.swift */; };
		FE2EE35A2B446420008EEE2F /* NavigationViewBootcamp1.swift in Sources */ = {isa = PBXBuildFile; fileRef = FE2EE3592B446420008EEE2F /* NavigationViewBootcamp1.swift */; };
		FE2EE35C2B447F72008EEE2F /* ListBootcamp.swift in Sources */ = {isa = PBXBuildFile; fileRef = FE2EE35B2B447F72008EEE2F /* ListBootcamp.swift */; };
		FE2EE35E2B44D65C008EEE2F /* AlertBootcamp.swift in Sources */ = {isa = PBXBuildFile; fileRef = FE2EE35D2B44D65C008EEE2F /* AlertBootcamp.swift */; };
		FE39A2422B46CE2300811B98 /* ActionsheetBootcamp.swift in Sources */ = {isa = PBXBuildFile; fileRef = FE39A2412B46CE2300811B98 /* ActionsheetBootcamp.swift */; };
		FE39A2442B46E8B500811B98 /* ContextMenuBootcamp.swift in Sources */ = {isa = PBXBuildFile; fileRef = FE39A2432B46E8B500811B98 /* ContextMenuBootcamp.swift */; };
		FE4CBD442AFF794D00B83618 /* BindingBootcamp.swift in Sources */ = {isa = PBXBuildFile; fileRef = FE4CBD432AFF794D00B83618 /* BindingBootcamp.swift */; };
		FE4CBD462AFF852000B83618 /* ConditionalBootcamp.swift in Sources */ = {isa = PBXBuildFile; fileRef = FE4CBD452AFF852000B83618 /* ConditionalBootcamp.swift */; };
		FE51F6CE2AA727D300782046 /* ShapesBootcamp.swift in Sources */ = {isa = PBXBuildFile; fileRef = FE51F6CD2AA727D300782046 /* ShapesBootcamp.swift */; };
		FE51F6D02AA73C8400782046 /* ColorsBootcamp.swift in Sources */ = {isa = PBXBuildFile; fileRef = FE51F6CF2AA73C8400782046 /* ColorsBootcamp.swift */; };
		FE57F2862B4DE01C0038A28E /* DatePickerBootcamp.swift in Sources */ = {isa = PBXBuildFile; fileRef = FE57F2852B4DE01C0038A28E /* DatePickerBootcamp.swift */; };
		FE57F2882B4E97C50038A28E /* StepperBootcamp.swift in Sources */ = {isa = PBXBuildFile; fileRef = FE57F2872B4E97C50038A28E /* StepperBootcamp.swift */; };
		FE57F28A2B4E9F4E0038A28E /* SliderBootcamp.swift in Sources */ = {isa = PBXBuildFile; fileRef = FE57F2892B4E9F4E0038A28E /* SliderBootcamp.swift */; };
		FE58457A2B5D22080093DF2B /* ProfileView.swift in Sources */ = {isa = PBXBuildFile; fileRef = FE5845792B5D22080093DF2B /* ProfileView.swift */; };
		FE58457C2B5D46850093DF2B /* AsyncImageBootcamp.swift in Sources */ = {isa = PBXBuildFile; fileRef = FE58457B2B5D46850093DF2B /* AsyncImageBootcamp.swift */; };
		FE58457E2B5D76870093DF2B /* BackgroundMaterialsBootcamp.swift in Sources */ = {isa = PBXBuildFile; fileRef = FE58457D2B5D76870093DF2B /* BackgroundMaterialsBootcamp.swift */; };
		FE5845802B5D7C1C0093DF2B /* TextSelectionBootcamp.swift in Sources */ = {isa = PBXBuildFile; fileRef = FE58457F2B5D7C1C0093DF2B /* TextSelectionBootcamp.swift */; };
		FE5845822B5D7F280093DF2B /* ButtonStylesBootcamp.swift in Sources */ = {isa = PBXBuildFile; fileRef = FE5845812B5D7F280093DF2B /* ButtonStylesBootcamp.swift */; };
		FE5845842B5D86600093DF2B /* ListSwipeActionsBootcamp.swift in Sources */ = {isa = PBXBuildFile; fileRef = FE5845832B5D86600093DF2B /* ListSwipeActionsBootcamp.swift */; };
		FE5DB2512B48266700E3F61F /* TextfieldBootcamp.swift in Sources */ = {isa = PBXBuildFile; fileRef = FE5DB2502B48266700E3F61F /* TextfieldBootcamp.swift */; };
		FE5DB2532B4848A600E3F61F /* TextEditorBootcamp.swift in Sources */ = {isa = PBXBuildFile; fileRef = FE5DB2522B4848A600E3F61F /* TextEditorBootcamp.swift */; };
		FE6DEB062AFB9B7F00CE26FD /* SafeAreaBootcamp.swift in Sources */ = {isa = PBXBuildFile; fileRef = FE6DEB052AFB9B7E00CE26FD /* SafeAreaBootcamp.swift */; };
		FE76CCF12B5E64D600C39A9F /* BadgesBootcamp.swift in Sources */ = {isa = PBXBuildFile; fileRef = FE76CCF02B5E64D600C39A9F /* BadgesBootcamp.swift */; };
		FE76E3452AFA3758008186D7 /* ScrollViewBootcamp.swift in Sources */ = {isa = PBXBuildFile; fileRef = FE76E3442AFA3758008186D7 /* ScrollViewBootcamp.swift */; };
		FE76E3472AFACB85008186D7 /* GridBootcamp.swift in Sources */ = {isa = PBXBuildFile; fileRef = FE76E3462AFACB85008186D7 /* GridBootcamp.swift */; };
		FE803BD62B4FFAAE00510D5D /* DarkModeBootcamp.swift in Sources */ = {isa = PBXBuildFile; fileRef = FE803BD52B4FFAAE00510D5D /* DarkModeBootcamp.swift */; };
		FE803BD82B50336100510D5D /* DocumentationBootcamp.swift in Sources */ = {isa = PBXBuildFile; fileRef = FE803BD72B50336100510D5D /* DocumentationBootcamp.swift */; };
		FE803BDD2B51D33A00510D5D /* OnAppearBootcamp.swift in Sources */ = {isa = PBXBuildFile; fileRef = FE803BDC2B51D33A00510D5D /* OnAppearBootcamp.swift */; };
		FE9AD15C2AA5F5C200B68355 /* SwiftUIBootcampApp.swift in Sources */ = {isa = PBXBuildFile; fileRef = FE9AD15B2AA5F5C200B68355 /* SwiftUIBootcampApp.swift */; };
		FE9AD15E2AA5F5C200B68355 /* ContentView.swift in Sources */ = {isa = PBXBuildFile; fileRef = FE9AD15D2AA5F5C200B68355 /* ContentView.swift */; };
		FE9AD1602AA5F5C400B68355 /* Assets.xcassets in Resources */ = {isa = PBXBuildFile; fileRef = FE9AD15F2AA5F5C400B68355 /* Assets.xcassets */; };
		FE9AD1632AA5F5C400B68355 /* Preview Assets.xcassets in Resources */ = {isa = PBXBuildFile; fileRef = FE9AD1622AA5F5C400B68355 /* Preview Assets.xcassets */; };
		FE9AD16D2AA5F5C400B68355 /* SwiftUIBootcampTests.swift in Sources */ = {isa = PBXBuildFile; fileRef = FE9AD16C2AA5F5C400B68355 /* SwiftUIBootcampTests.swift */; };
		FE9AD1772AA5F5C400B68355 /* SwiftUIBootcampUITests.swift in Sources */ = {isa = PBXBuildFile; fileRef = FE9AD1762AA5F5C400B68355 /* SwiftUIBootcampUITests.swift */; };
		FE9AD1792AA5F5C400B68355 /* SwiftUIBootcampUITestsLaunchTests.swift in Sources */ = {isa = PBXBuildFile; fileRef = FE9AD1782AA5F5C400B68355 /* SwiftUIBootcampUITestsLaunchTests.swift */; };
		FE9AD1882AA5F9C700B68355 /* TextBootcamp.swift in Sources */ = {isa = PBXBuildFile; fileRef = FE9AD1872AA5F9C700B68355 /* TextBootcamp.swift */; };
		FEA505152B5BFF070098865C /* AppStorageBootcamp.swift in Sources */ = {isa = PBXBuildFile; fileRef = FEA505142B5BFF070098865C /* AppStorageBootcamp.swift */; };
		FEA505182B5C2D3F0098865C /* IntroView.swift in Sources */ = {isa = PBXBuildFile; fileRef = FEA505172B5C2D3F0098865C /* IntroView.swift */; };
		FEA5051A2B5C2F9A0098865C /* OnboardingView.swift in Sources */ = {isa = PBXBuildFile; fileRef = FEA505192B5C2F9A0098865C /* OnboardingView.swift */; };
		FEA7EA9A2AC9B15900406BE6 /* ImageBootcamp.swift in Sources */ = {isa = PBXBuildFile; fileRef = FEA7EA992AC9B15800406BE6 /* ImageBootcamp.swift */; };
		FEAED2322AFECC4500F582CD /* ExractSubviewsBootcamp.swift in Sources */ = {isa = PBXBuildFile; fileRef = FEAED2312AFECC4500F582CD /* ExractSubviewsBootcamp.swift */; };
		FEB503612AF8F41F0008A387 /* InitializerBootcamp.swift in Sources */ = {isa = PBXBuildFile; fileRef = FEB503602AF8F41F0008A387 /* InitializerBootcamp.swift */; };
		FEB503632AF927E70008A387 /* ForEachBootcamp.swift in Sources */ = {isa = PBXBuildFile; fileRef = FEB503622AF927E70008A387 /* ForEachBootcamp.swift */; };
		FEBF1E052B5BD05E006B5EB8 /* EnvironmentObjectBootcamp.swift in Sources */ = {isa = PBXBuildFile; fileRef = FEBF1E042B5BD05E006B5EB8 /* EnvironmentObjectBootcamp.swift */; };
		FEC6987C2B532A6400A7C27F /* IfLetGuardBootcamp.swift in Sources */ = {isa = PBXBuildFile; fileRef = FEC6987B2B532A6400A7C27F /* IfLetGuardBootcamp.swift */; };
		FEC9F04D2AFFDA73008FA335 /* TernaryBootcamp.swift in Sources */ = {isa = PBXBuildFile; fileRef = FEC9F04C2AFFDA73008FA335 /* TernaryBootcamp.swift */; };
		FEC9F04F2B00311C008FA335 /* AnimationBootcamp.swift in Sources */ = {isa = PBXBuildFile; fileRef = FEC9F04E2B00311C008FA335 /* AnimationBootcamp.swift */; };
		FECE39812AA8AD6600F55C39 /* GradientsBootcamp.swift in Sources */ = {isa = PBXBuildFile; fileRef = FECE39802AA8AD6600F55C39 /* GradientsBootcamp.swift */; };
		FED2D3E42ABF858300F11E61 /* IconsBootcamp.swift in Sources */ = {isa = PBXBuildFile; fileRef = FED2D3E32ABF858300F11E61 /* IconsBootcamp.swift */; };
		FEDE61212B00FF2200D0E0CA /* AnimationTimingBootcamp.swift in Sources */ = {isa = PBXBuildFile; fileRef = FEDE61202B00FF2200D0E0CA /* AnimationTimingBootcamp.swift */; };
		FEDE61232B010CED00D0E0CA /* TransitionBootcamp.swift in Sources */ = {isa = PBXBuildFile; fileRef = FEDE61222B010CED00D0E0CA /* TransitionBootcamp.swift */; };
		FEDE61252B01471B00D0E0CA /* SheetsBootcamp.swift in Sources */ = {isa = PBXBuildFile; fileRef = FEDE61242B01471B00D0E0CA /* SheetsBootcamp.swift */; };
		FEDEBF5E2ACAAB0C00C76C1D /* FrameBootcamp.swift in Sources */ = {isa = PBXBuildFile; fileRef = FEDEBF5D2ACAAB0C00C76C1D /* FrameBootcamp.swift */; };
		FEDEBF602ACAB6D900C76C1D /* BackgroundAndOverlayBootcamp.swift in Sources */ = {isa = PBXBuildFile; fileRef = FEDEBF5F2ACAB6D900C76C1D /* BackgroundAndOverlayBootcamp.swift */; };
		FEDEBF622ACAD3AC00C76C1D /* StacksBootcamp.swift in Sources */ = {isa = PBXBuildFile; fileRef = FEDEBF612ACAD3AC00C76C1D /* StacksBootcamp.swift */; };
		FEDEBF642ACB412900C76C1D /* PaddingAndSpacerBootcamp.swift in Sources */ = {isa = PBXBuildFile; fileRef = FEDEBF632ACB412900C76C1D /* PaddingAndSpacerBootcamp.swift */; };
		FEDEBF662ACC58A100C76C1D /* SpacerBootcamp.swift in Sources */ = {isa = PBXBuildFile; fileRef = FEDEBF652ACC58A100C76C1D /* SpacerBootcamp.swift */; };
		FEE073652AFBC4D300FE7CB9 /* ButtonsBootcamp.swift in Sources */ = {isa = PBXBuildFile; fileRef = FEE073642AFBC4D300FE7CB9 /* ButtonsBootcamp.swift */; };
		FEE073672AFC386A00FE7CB9 /* StateBootcamp.swift in Sources */ = {isa = PBXBuildFile; fileRef = FEE073662AFC386A00FE7CB9 /* StateBootcamp.swift */; };
		FEE073692AFCE6A000FE7CB9 /* ExtractedFunctions.swift in Sources */ = {isa = PBXBuildFile; fileRef = FEE073682AFCE6A000FE7CB9 /* ExtractedFunctions.swift */; };
		FEEAABBF2B4945AC0093AAED /* ToggleBootcamp.swift in Sources */ = {isa = PBXBuildFile; fileRef = FEEAABBE2B4945AC0093AAED /* ToggleBootcamp.swift */; };
		FEEAABC12B494B1F0093AAED /* PickerBootcamp.swift in Sources */ = {isa = PBXBuildFile; fileRef = FEEAABC02B494B1F0093AAED /* PickerBootcamp.swift */; };
		FEEF636C2B4F0DB500C221EC /* TabViewBootcamp.swift in Sources */ = {isa = PBXBuildFile; fileRef = FEEF636B2B4F0DB500C221EC /* TabViewBootcamp.swift */; };
/* End PBXBuildFile section */

/* Begin PBXContainerItemProxy section */
		FE9AD1692AA5F5C400B68355 /* PBXContainerItemProxy */ = {
			isa = PBXContainerItemProxy;
			containerPortal = FE9AD1502AA5F5C200B68355 /* Project object */;
			proxyType = 1;
			remoteGlobalIDString = FE9AD1572AA5F5C200B68355;
			remoteInfo = SwiftUIBootcamp;
		};
		FE9AD1732AA5F5C400B68355 /* PBXContainerItemProxy */ = {
			isa = PBXContainerItemProxy;
			containerPortal = FE9AD1502AA5F5C200B68355 /* Project object */;
			proxyType = 1;
			remoteGlobalIDString = FE9AD1572AA5F5C200B68355;
			remoteInfo = SwiftUIBootcamp;
		};
/* End PBXContainerItemProxy section */

/* Begin PBXFileReference section */
		FE0FA8D62B4C202A00D96C7A /* ColorPickerBootcamp.swift */ = {isa = PBXFileReference; lastKnownFileType = sourcecode.swift; path = ColorPickerBootcamp.swift; sourceTree = "<group>"; };
		FE1408F02B5413AF0077841E /* TapGestureBootcamp.swift */ = {isa = PBXFileReference; lastKnownFileType = sourcecode.swift; path = TapGestureBootcamp.swift; sourceTree = "<group>"; };
		FE1408F22B541B6D0077841E /* ModelBootcamp.swift */ = {isa = PBXFileReference; lastKnownFileType = sourcecode.swift; path = ModelBootcamp.swift; sourceTree = "<group>"; };
		FE1408F42B55DF390077841E /* ViewModelBootcamp.swift */ = {isa = PBXFileReference; lastKnownFileType = sourcecode.swift; path = ViewModelBootcamp.swift; sourceTree = "<group>"; };
		FE2252B82B02182800935C99 /* PopoverBootcamp.swift */ = {isa = PBXFileReference; lastKnownFileType = sourcecode.swift; path = PopoverBootcamp.swift; sourceTree = "<group>"; };
		FE2EE3572B44422D008EEE2F /* NavigationViewBootcamp.swift */ = {isa = PBXFileReference; lastKnownFileType = sourcecode.swift; path = NavigationViewBootcamp.swift; sourceTree = "<group>"; };
		FE2EE3592B446420008EEE2F /* NavigationViewBootcamp1.swift */ = {isa = PBXFileReference; lastKnownFileType = sourcecode.swift; path = NavigationViewBootcamp1.swift; sourceTree = "<group>"; };
		FE2EE35B2B447F72008EEE2F /* ListBootcamp.swift */ = {isa = PBXFileReference; lastKnownFileType = sourcecode.swift; path = ListBootcamp.swift; sourceTree = "<group>"; };
		FE2EE35D2B44D65C008EEE2F /* AlertBootcamp.swift */ = {isa = PBXFileReference; lastKnownFileType = sourcecode.swift; path = AlertBootcamp.swift; sourceTree = "<group>"; };
		FE39A2412B46CE2300811B98 /* ActionsheetBootcamp.swift */ = {isa = PBXFileReference; lastKnownFileType = sourcecode.swift; path = ActionsheetBootcamp.swift; sourceTree = "<group>"; };
		FE39A2432B46E8B500811B98 /* ContextMenuBootcamp.swift */ = {isa = PBXFileReference; lastKnownFileType = sourcecode.swift; path = ContextMenuBootcamp.swift; sourceTree = "<group>"; };
		FE4CBD432AFF794D00B83618 /* BindingBootcamp.swift */ = {isa = PBXFileReference; lastKnownFileType = sourcecode.swift; path = BindingBootcamp.swift; sourceTree = "<group>"; };
		FE4CBD452AFF852000B83618 /* ConditionalBootcamp.swift */ = {isa = PBXFileReference; lastKnownFileType = sourcecode.swift; path = ConditionalBootcamp.swift; sourceTree = "<group>"; };
		FE51F6CD2AA727D300782046 /* ShapesBootcamp.swift */ = {isa = PBXFileReference; lastKnownFileType = sourcecode.swift; path = ShapesBootcamp.swift; sourceTree = "<group>"; };
		FE51F6CF2AA73C8400782046 /* ColorsBootcamp.swift */ = {isa = PBXFileReference; lastKnownFileType = sourcecode.swift; path = ColorsBootcamp.swift; sourceTree = "<group>"; };
		FE57F2852B4DE01C0038A28E /* DatePickerBootcamp.swift */ = {isa = PBXFileReference; lastKnownFileType = sourcecode.swift; path = DatePickerBootcamp.swift; sourceTree = "<group>"; };
		FE57F2872B4E97C50038A28E /* StepperBootcamp.swift */ = {isa = PBXFileReference; lastKnownFileType = sourcecode.swift; path = StepperBootcamp.swift; sourceTree = "<group>"; };
		FE57F2892B4E9F4E0038A28E /* SliderBootcamp.swift */ = {isa = PBXFileReference; lastKnownFileType = sourcecode.swift; path = SliderBootcamp.swift; sourceTree = "<group>"; };
		FE5845792B5D22080093DF2B /* ProfileView.swift */ = {isa = PBXFileReference; lastKnownFileType = sourcecode.swift; path = ProfileView.swift; sourceTree = "<group>"; };
		FE58457B2B5D46850093DF2B /* AsyncImageBootcamp.swift */ = {isa = PBXFileReference; lastKnownFileType = sourcecode.swift; path = AsyncImageBootcamp.swift; sourceTree = "<group>"; };
		FE58457D2B5D76870093DF2B /* BackgroundMaterialsBootcamp.swift */ = {isa = PBXFileReference; lastKnownFileType = sourcecode.swift; path = BackgroundMaterialsBootcamp.swift; sourceTree = "<group>"; };
		FE58457F2B5D7C1C0093DF2B /* TextSelectionBootcamp.swift */ = {isa = PBXFileReference; lastKnownFileType = sourcecode.swift; path = TextSelectionBootcamp.swift; sourceTree = "<group>"; };
		FE5845812B5D7F280093DF2B /* ButtonStylesBootcamp.swift */ = {isa = PBXFileReference; lastKnownFileType = sourcecode.swift; path = ButtonStylesBootcamp.swift; sourceTree = "<group>"; };
		FE5845832B5D86600093DF2B /* ListSwipeActionsBootcamp.swift */ = {isa = PBXFileReference; lastKnownFileType = sourcecode.swift; path = ListSwipeActionsBootcamp.swift; sourceTree = "<group>"; };
		FE5DB2502B48266700E3F61F /* TextfieldBootcamp.swift */ = {isa = PBXFileReference; lastKnownFileType = sourcecode.swift; path = TextfieldBootcamp.swift; sourceTree = "<group>"; };
		FE5DB2522B4848A600E3F61F /* TextEditorBootcamp.swift */ = {isa = PBXFileReference; lastKnownFileType = sourcecode.swift; path = TextEditorBootcamp.swift; sourceTree = "<group>"; };
		FE6DEB052AFB9B7E00CE26FD /* SafeAreaBootcamp.swift */ = {isa = PBXFileReference; lastKnownFileType = sourcecode.swift; path = SafeAreaBootcamp.swift; sourceTree = "<group>"; };
		FE76CCF02B5E64D600C39A9F /* BadgesBootcamp.swift */ = {isa = PBXFileReference; lastKnownFileType = sourcecode.swift; path = BadgesBootcamp.swift; sourceTree = "<group>"; };
		FE76E3442AFA3758008186D7 /* ScrollViewBootcamp.swift */ = {isa = PBXFileReference; lastKnownFileType = sourcecode.swift; path = ScrollViewBootcamp.swift; sourceTree = "<group>"; };
		FE76E3462AFACB85008186D7 /* GridBootcamp.swift */ = {isa = PBXFileReference; lastKnownFileType = sourcecode.swift; path = GridBootcamp.swift; sourceTree = "<group>"; };
		FE803BD52B4FFAAE00510D5D /* DarkModeBootcamp.swift */ = {isa = PBXFileReference; lastKnownFileType = sourcecode.swift; path = DarkModeBootcamp.swift; sourceTree = "<group>"; };
		FE803BD72B50336100510D5D /* DocumentationBootcamp.swift */ = {isa = PBXFileReference; lastKnownFileType = sourcecode.swift; path = DocumentationBootcamp.swift; sourceTree = "<group>"; };
		FE803BDC2B51D33A00510D5D /* OnAppearBootcamp.swift */ = {isa = PBXFileReference; lastKnownFileType = sourcecode.swift; path = OnAppearBootcamp.swift; sourceTree = "<group>"; };
		FE9AD1582AA5F5C200B68355 /* SwiftUIBootcamp.app */ = {isa = PBXFileReference; explicitFileType = wrapper.application; includeInIndex = 0; path = SwiftUIBootcamp.app; sourceTree = BUILT_PRODUCTS_DIR; };
		FE9AD15B2AA5F5C200B68355 /* SwiftUIBootcampApp.swift */ = {isa = PBXFileReference; lastKnownFileType = sourcecode.swift; path = SwiftUIBootcampApp.swift; sourceTree = "<group>"; };
		FE9AD15D2AA5F5C200B68355 /* ContentView.swift */ = {isa = PBXFileReference; lastKnownFileType = sourcecode.swift; path = ContentView.swift; sourceTree = "<group>"; };
		FE9AD15F2AA5F5C400B68355 /* Assets.xcassets */ = {isa = PBXFileReference; lastKnownFileType = folder.assetcatalog; path = Assets.xcassets; sourceTree = "<group>"; };
		FE9AD1622AA5F5C400B68355 /* Preview Assets.xcassets */ = {isa = PBXFileReference; lastKnownFileType = folder.assetcatalog; path = "Preview Assets.xcassets"; sourceTree = "<group>"; };
		FE9AD1682AA5F5C400B68355 /* SwiftUIBootcampTests.xctest */ = {isa = PBXFileReference; explicitFileType = wrapper.cfbundle; includeInIndex = 0; path = SwiftUIBootcampTests.xctest; sourceTree = BUILT_PRODUCTS_DIR; };
		FE9AD16C2AA5F5C400B68355 /* SwiftUIBootcampTests.swift */ = {isa = PBXFileReference; lastKnownFileType = sourcecode.swift; path = SwiftUIBootcampTests.swift; sourceTree = "<group>"; };
		FE9AD1722AA5F5C400B68355 /* SwiftUIBootcampUITests.xctest */ = {isa = PBXFileReference; explicitFileType = wrapper.cfbundle; includeInIndex = 0; path = SwiftUIBootcampUITests.xctest; sourceTree = BUILT_PRODUCTS_DIR; };
		FE9AD1762AA5F5C400B68355 /* SwiftUIBootcampUITests.swift */ = {isa = PBXFileReference; lastKnownFileType = sourcecode.swift; path = SwiftUIBootcampUITests.swift; sourceTree = "<group>"; };
		FE9AD1782AA5F5C400B68355 /* SwiftUIBootcampUITestsLaunchTests.swift */ = {isa = PBXFileReference; lastKnownFileType = sourcecode.swift; path = SwiftUIBootcampUITestsLaunchTests.swift; sourceTree = "<group>"; };
		FE9AD1872AA5F9C700B68355 /* TextBootcamp.swift */ = {isa = PBXFileReference; lastKnownFileType = sourcecode.swift; path = TextBootcamp.swift; sourceTree = "<group>"; };
		FEA505142B5BFF070098865C /* AppStorageBootcamp.swift */ = {isa = PBXFileReference; lastKnownFileType = sourcecode.swift; path = AppStorageBootcamp.swift; sourceTree = "<group>"; };
		FEA505172B5C2D3F0098865C /* IntroView.swift */ = {isa = PBXFileReference; lastKnownFileType = sourcecode.swift; path = IntroView.swift; sourceTree = "<group>"; };
		FEA505192B5C2F9A0098865C /* OnboardingView.swift */ = {isa = PBXFileReference; lastKnownFileType = sourcecode.swift; path = OnboardingView.swift; sourceTree = "<group>"; };
		FEA7EA992AC9B15800406BE6 /* ImageBootcamp.swift */ = {isa = PBXFileReference; lastKnownFileType = sourcecode.swift; path = ImageBootcamp.swift; sourceTree = "<group>"; };
		FEAED2312AFECC4500F582CD /* ExractSubviewsBootcamp.swift */ = {isa = PBXFileReference; lastKnownFileType = sourcecode.swift; path = ExractSubviewsBootcamp.swift; sourceTree = "<group>"; };
		FEB503602AF8F41F0008A387 /* InitializerBootcamp.swift */ = {isa = PBXFileReference; lastKnownFileType = sourcecode.swift; path = InitializerBootcamp.swift; sourceTree = "<group>"; };
		FEB503622AF927E70008A387 /* ForEachBootcamp.swift */ = {isa = PBXFileReference; lastKnownFileType = sourcecode.swift; path = ForEachBootcamp.swift; sourceTree = "<group>"; };
		FEBF1E042B5BD05E006B5EB8 /* EnvironmentObjectBootcamp.swift */ = {isa = PBXFileReference; lastKnownFileType = sourcecode.swift; path = EnvironmentObjectBootcamp.swift; sourceTree = "<group>"; };
		FEC6987B2B532A6400A7C27F /* IfLetGuardBootcamp.swift */ = {isa = PBXFileReference; lastKnownFileType = sourcecode.swift; path = IfLetGuardBootcamp.swift; sourceTree = "<group>"; };
		FEC9F04C2AFFDA73008FA335 /* TernaryBootcamp.swift */ = {isa = PBXFileReference; lastKnownFileType = sourcecode.swift; path = TernaryBootcamp.swift; sourceTree = "<group>"; };
		FEC9F04E2B00311C008FA335 /* AnimationBootcamp.swift */ = {isa = PBXFileReference; lastKnownFileType = sourcecode.swift; path = AnimationBootcamp.swift; sourceTree = "<group>"; };
		FECE39802AA8AD6600F55C39 /* GradientsBootcamp.swift */ = {isa = PBXFileReference; lastKnownFileType = sourcecode.swift; path = GradientsBootcamp.swift; sourceTree = "<group>"; };
		FED2D3E32ABF858300F11E61 /* IconsBootcamp.swift */ = {isa = PBXFileReference; lastKnownFileType = sourcecode.swift; path = IconsBootcamp.swift; sourceTree = "<group>"; };
		FEDE61202B00FF2200D0E0CA /* AnimationTimingBootcamp.swift */ = {isa = PBXFileReference; lastKnownFileType = sourcecode.swift; path = AnimationTimingBootcamp.swift; sourceTree = "<group>"; };
		FEDE61222B010CED00D0E0CA /* TransitionBootcamp.swift */ = {isa = PBXFileReference; lastKnownFileType = sourcecode.swift; path = TransitionBootcamp.swift; sourceTree = "<group>"; };
		FEDE61242B01471B00D0E0CA /* SheetsBootcamp.swift */ = {isa = PBXFileReference; lastKnownFileType = sourcecode.swift; path = SheetsBootcamp.swift; sourceTree = "<group>"; };
		FEDEBF5D2ACAAB0C00C76C1D /* FrameBootcamp.swift */ = {isa = PBXFileReference; lastKnownFileType = sourcecode.swift; path = FrameBootcamp.swift; sourceTree = "<group>"; };
		FEDEBF5F2ACAB6D900C76C1D /* BackgroundAndOverlayBootcamp.swift */ = {isa = PBXFileReference; lastKnownFileType = sourcecode.swift; path = BackgroundAndOverlayBootcamp.swift; sourceTree = "<group>"; };
		FEDEBF612ACAD3AC00C76C1D /* StacksBootcamp.swift */ = {isa = PBXFileReference; lastKnownFileType = sourcecode.swift; path = StacksBootcamp.swift; sourceTree = "<group>"; };
		FEDEBF632ACB412900C76C1D /* PaddingAndSpacerBootcamp.swift */ = {isa = PBXFileReference; lastKnownFileType = sourcecode.swift; path = PaddingAndSpacerBootcamp.swift; sourceTree = "<group>"; };
		FEDEBF652ACC58A100C76C1D /* SpacerBootcamp.swift */ = {isa = PBXFileReference; lastKnownFileType = sourcecode.swift; path = SpacerBootcamp.swift; sourceTree = "<group>"; };
		FEE073642AFBC4D300FE7CB9 /* ButtonsBootcamp.swift */ = {isa = PBXFileReference; lastKnownFileType = sourcecode.swift; path = ButtonsBootcamp.swift; sourceTree = "<group>"; };
		FEE073662AFC386A00FE7CB9 /* StateBootcamp.swift */ = {isa = PBXFileReference; lastKnownFileType = sourcecode.swift; path = StateBootcamp.swift; sourceTree = "<group>"; };
		FEE073682AFCE6A000FE7CB9 /* ExtractedFunctions.swift */ = {isa = PBXFileReference; lastKnownFileType = sourcecode.swift; path = ExtractedFunctions.swift; sourceTree = "<group>"; };
		FEEAABBE2B4945AC0093AAED /* ToggleBootcamp.swift */ = {isa = PBXFileReference; lastKnownFileType = sourcecode.swift; path = ToggleBootcamp.swift; sourceTree = "<group>"; };
		FEEAABC02B494B1F0093AAED /* PickerBootcamp.swift */ = {isa = PBXFileReference; lastKnownFileType = sourcecode.swift; path = PickerBootcamp.swift; sourceTree = "<group>"; };
		FEEF636B2B4F0DB500C221EC /* TabViewBootcamp.swift */ = {isa = PBXFileReference; lastKnownFileType = sourcecode.swift; path = TabViewBootcamp.swift; sourceTree = "<group>"; };
/* End PBXFileReference section */

/* Begin PBXFrameworksBuildPhase section */
		FE9AD1552AA5F5C200B68355 /* Frameworks */ = {
			isa = PBXFrameworksBuildPhase;
			buildActionMask = 2147483647;
			files = (
			);
			runOnlyForDeploymentPostprocessing = 0;
		};
		FE9AD1652AA5F5C400B68355 /* Frameworks */ = {
			isa = PBXFrameworksBuildPhase;
			buildActionMask = 2147483647;
			files = (
			);
			runOnlyForDeploymentPostprocessing = 0;
		};
		FE9AD16F2AA5F5C400B68355 /* Frameworks */ = {
			isa = PBXFrameworksBuildPhase;
			buildActionMask = 2147483647;
			files = (
			);
			runOnlyForDeploymentPostprocessing = 0;
		};
/* End PBXFrameworksBuildPhase section */

/* Begin PBXGroup section */
		FE9AD14F2AA5F5C200B68355 = {
			isa = PBXGroup;
			children = (
				FE9AD15A2AA5F5C200B68355 /* SwiftUIBootcamp */,
				FE9AD16B2AA5F5C400B68355 /* SwiftUIBootcampTests */,
				FE9AD1752AA5F5C400B68355 /* SwiftUIBootcampUITests */,
				FE9AD1592AA5F5C200B68355 /* Products */,
			);
			sourceTree = "<group>";
		};
		FE9AD1592AA5F5C200B68355 /* Products */ = {
			isa = PBXGroup;
			children = (
				FE9AD1582AA5F5C200B68355 /* SwiftUIBootcamp.app */,
				FE9AD1682AA5F5C400B68355 /* SwiftUIBootcampTests.xctest */,
				FE9AD1722AA5F5C400B68355 /* SwiftUIBootcampUITests.xctest */,
			);
			name = Products;
			sourceTree = "<group>";
		};
		FE9AD15A2AA5F5C200B68355 /* SwiftUIBootcamp */ = {
			isa = PBXGroup;
			children = (
				FE9AD15B2AA5F5C200B68355 /* SwiftUIBootcampApp.swift */,
				FE9AD15D2AA5F5C200B68355 /* ContentView.swift */,
				FE9AD1872AA5F9C700B68355 /* TextBootcamp.swift */,
				FE51F6CD2AA727D300782046 /* ShapesBootcamp.swift */,
				FE51F6CF2AA73C8400782046 /* ColorsBootcamp.swift */,
				FECE39802AA8AD6600F55C39 /* GradientsBootcamp.swift */,
				FED2D3E32ABF858300F11E61 /* IconsBootcamp.swift */,
				FEA7EA992AC9B15800406BE6 /* ImageBootcamp.swift */,
				FEDEBF5D2ACAAB0C00C76C1D /* FrameBootcamp.swift */,
				FEDEBF5F2ACAB6D900C76C1D /* BackgroundAndOverlayBootcamp.swift */,
				FEDEBF612ACAD3AC00C76C1D /* StacksBootcamp.swift */,
				FEDEBF632ACB412900C76C1D /* PaddingAndSpacerBootcamp.swift */,
				FEDEBF652ACC58A100C76C1D /* SpacerBootcamp.swift */,
				FEB503602AF8F41F0008A387 /* InitializerBootcamp.swift */,
				FEB503622AF927E70008A387 /* ForEachBootcamp.swift */,
				FE76E3442AFA3758008186D7 /* ScrollViewBootcamp.swift */,
				FE76E3462AFACB85008186D7 /* GridBootcamp.swift */,
				FE6DEB052AFB9B7E00CE26FD /* SafeAreaBootcamp.swift */,
				FEE073642AFBC4D300FE7CB9 /* ButtonsBootcamp.swift */,
				FEE073662AFC386A00FE7CB9 /* StateBootcamp.swift */,
				FEE073682AFCE6A000FE7CB9 /* ExtractedFunctions.swift */,
				FEAED2312AFECC4500F582CD /* ExractSubviewsBootcamp.swift */,
				FE4CBD432AFF794D00B83618 /* BindingBootcamp.swift */,
				FE4CBD452AFF852000B83618 /* ConditionalBootcamp.swift */,
				FEC9F04C2AFFDA73008FA335 /* TernaryBootcamp.swift */,
				FEC9F04E2B00311C008FA335 /* AnimationBootcamp.swift */,
				FEDE61202B00FF2200D0E0CA /* AnimationTimingBootcamp.swift */,
				FEDE61222B010CED00D0E0CA /* TransitionBootcamp.swift */,
				FEDE61242B01471B00D0E0CA /* SheetsBootcamp.swift */,
				FE2252B82B02182800935C99 /* PopoverBootcamp.swift */,
				FE2EE3572B44422D008EEE2F /* NavigationViewBootcamp.swift */,
				FE2EE3592B446420008EEE2F /* NavigationViewBootcamp1.swift */,
				FE2EE35B2B447F72008EEE2F /* ListBootcamp.swift */,
				FE2EE35D2B44D65C008EEE2F /* AlertBootcamp.swift */,
				FE39A2412B46CE2300811B98 /* ActionsheetBootcamp.swift */,
				FE39A2432B46E8B500811B98 /* ContextMenuBootcamp.swift */,
				FE5DB2502B48266700E3F61F /* TextfieldBootcamp.swift */,
				FE5DB2522B4848A600E3F61F /* TextEditorBootcamp.swift */,
				FEEAABBE2B4945AC0093AAED /* ToggleBootcamp.swift */,
				FEEAABC02B494B1F0093AAED /* PickerBootcamp.swift */,
				FE0FA8D62B4C202A00D96C7A /* ColorPickerBootcamp.swift */,
				FE57F2852B4DE01C0038A28E /* DatePickerBootcamp.swift */,
				FE57F2872B4E97C50038A28E /* StepperBootcamp.swift */,
				FE57F2892B4E9F4E0038A28E /* SliderBootcamp.swift */,
				FEEF636B2B4F0DB500C221EC /* TabViewBootcamp.swift */,
				FE803BD52B4FFAAE00510D5D /* DarkModeBootcamp.swift */,
				FE803BD72B50336100510D5D /* DocumentationBootcamp.swift */,
				FE803BDC2B51D33A00510D5D /* OnAppearBootcamp.swift */,
				FEC6987B2B532A6400A7C27F /* IfLetGuardBootcamp.swift */,
				FE1408F02B5413AF0077841E /* TapGestureBootcamp.swift */,
				FE1408F22B541B6D0077841E /* ModelBootcamp.swift */,
				FE1408F42B55DF390077841E /* ViewModelBootcamp.swift */,
				FEBF1E042B5BD05E006B5EB8 /* EnvironmentObjectBootcamp.swift */,
				FEA505142B5BFF070098865C /* AppStorageBootcamp.swift */,
				FEA505162B5C2CCE0098865C /* OnBoardingViews */,
				FE58457B2B5D46850093DF2B /* AsyncImageBootcamp.swift */,
				FE58457D2B5D76870093DF2B /* BackgroundMaterialsBootcamp.swift */,
				FE58457F2B5D7C1C0093DF2B /* TextSelectionBootcamp.swift */,
				FE5845812B5D7F280093DF2B /* ButtonStylesBootcamp.swift */,
				FE5845832B5D86600093DF2B /* ListSwipeActionsBootcamp.swift */,
				FE76CCF02B5E64D600C39A9F /* BadgesBootcamp.swift */,
				FE9AD15F2AA5F5C400B68355 /* Assets.xcassets */,
				FE9AD1612AA5F5C400B68355 /* Preview Content */,
			);
			path = SwiftUIBootcamp;
			sourceTree = "<group>";
		};
		FE9AD1612AA5F5C400B68355 /* Preview Content */ = {
			isa = PBXGroup;
			children = (
				FE9AD1622AA5F5C400B68355 /* Preview Assets.xcassets */,
			);
			path = "Preview Content";
			sourceTree = "<group>";
		};
		FE9AD16B2AA5F5C400B68355 /* SwiftUIBootcampTests */ = {
			isa = PBXGroup;
			children = (
				FE9AD16C2AA5F5C400B68355 /* SwiftUIBootcampTests.swift */,
			);
			path = SwiftUIBootcampTests;
			sourceTree = "<group>";
		};
		FE9AD1752AA5F5C400B68355 /* SwiftUIBootcampUITests */ = {
			isa = PBXGroup;
			children = (
				FE9AD1762AA5F5C400B68355 /* SwiftUIBootcampUITests.swift */,
				FE9AD1782AA5F5C400B68355 /* SwiftUIBootcampUITestsLaunchTests.swift */,
			);
			path = SwiftUIBootcampUITests;
			sourceTree = "<group>";
		};
		FEA505162B5C2CCE0098865C /* OnBoardingViews */ = {
			isa = PBXGroup;
			children = (
				FEA505172B5C2D3F0098865C /* IntroView.swift */,
				FEA505192B5C2F9A0098865C /* OnboardingView.swift */,
				FE5845792B5D22080093DF2B /* ProfileView.swift */,
			);
			path = OnBoardingViews;
			sourceTree = "<group>";
		};
/* End PBXGroup section */

/* Begin PBXNativeTarget section */
		FE9AD1572AA5F5C200B68355 /* SwiftUIBootcamp */ = {
			isa = PBXNativeTarget;
			buildConfigurationList = FE9AD17C2AA5F5C400B68355 /* Build configuration list for PBXNativeTarget "SwiftUIBootcamp" */;
			buildPhases = (
				FE9AD1542AA5F5C200B68355 /* Sources */,
				FE9AD1552AA5F5C200B68355 /* Frameworks */,
				FE9AD1562AA5F5C200B68355 /* Resources */,
			);
			buildRules = (
			);
			dependencies = (
			);
			name = SwiftUIBootcamp;
			productName = SwiftUIBootcamp;
			productReference = FE9AD1582AA5F5C200B68355 /* SwiftUIBootcamp.app */;
			productType = "com.apple.product-type.application";
		};
		FE9AD1672AA5F5C400B68355 /* SwiftUIBootcampTests */ = {
			isa = PBXNativeTarget;
			buildConfigurationList = FE9AD17F2AA5F5C400B68355 /* Build configuration list for PBXNativeTarget "SwiftUIBootcampTests" */;
			buildPhases = (
				FE9AD1642AA5F5C400B68355 /* Sources */,
				FE9AD1652AA5F5C400B68355 /* Frameworks */,
				FE9AD1662AA5F5C400B68355 /* Resources */,
			);
			buildRules = (
			);
			dependencies = (
				FE9AD16A2AA5F5C400B68355 /* PBXTargetDependency */,
			);
			name = SwiftUIBootcampTests;
			productName = SwiftUIBootcampTests;
			productReference = FE9AD1682AA5F5C400B68355 /* SwiftUIBootcampTests.xctest */;
			productType = "com.apple.product-type.bundle.unit-test";
		};
		FE9AD1712AA5F5C400B68355 /* SwiftUIBootcampUITests */ = {
			isa = PBXNativeTarget;
			buildConfigurationList = FE9AD1822AA5F5C400B68355 /* Build configuration list for PBXNativeTarget "SwiftUIBootcampUITests" */;
			buildPhases = (
				FE9AD16E2AA5F5C400B68355 /* Sources */,
				FE9AD16F2AA5F5C400B68355 /* Frameworks */,
				FE9AD1702AA5F5C400B68355 /* Resources */,
			);
			buildRules = (
			);
			dependencies = (
				FE9AD1742AA5F5C400B68355 /* PBXTargetDependency */,
			);
			name = SwiftUIBootcampUITests;
			productName = SwiftUIBootcampUITests;
			productReference = FE9AD1722AA5F5C400B68355 /* SwiftUIBootcampUITests.xctest */;
			productType = "com.apple.product-type.bundle.ui-testing";
		};
/* End PBXNativeTarget section */

/* Begin PBXProject section */
		FE9AD1502AA5F5C200B68355 /* Project object */ = {
			isa = PBXProject;
			attributes = {
				BuildIndependentTargetsInParallel = 1;
				LastSwiftUpdateCheck = 1410;
				LastUpgradeCheck = 1410;
				TargetAttributes = {
					FE9AD1572AA5F5C200B68355 = {
						CreatedOnToolsVersion = 14.1;
					};
					FE9AD1672AA5F5C400B68355 = {
						CreatedOnToolsVersion = 14.1;
						TestTargetID = FE9AD1572AA5F5C200B68355;
					};
					FE9AD1712AA5F5C400B68355 = {
						CreatedOnToolsVersion = 14.1;
						TestTargetID = FE9AD1572AA5F5C200B68355;
					};
				};
			};
			buildConfigurationList = FE9AD1532AA5F5C200B68355 /* Build configuration list for PBXProject "SwiftUIBootcamp" */;
			compatibilityVersion = "Xcode 14.0";
			developmentRegion = en;
			hasScannedForEncodings = 0;
			knownRegions = (
				en,
				Base,
			);
			mainGroup = FE9AD14F2AA5F5C200B68355;
			productRefGroup = FE9AD1592AA5F5C200B68355 /* Products */;
			projectDirPath = "";
			projectRoot = "";
			targets = (
				FE9AD1572AA5F5C200B68355 /* SwiftUIBootcamp */,
				FE9AD1672AA5F5C400B68355 /* SwiftUIBootcampTests */,
				FE9AD1712AA5F5C400B68355 /* SwiftUIBootcampUITests */,
			);
		};
/* End PBXProject section */

/* Begin PBXResourcesBuildPhase section */
		FE9AD1562AA5F5C200B68355 /* Resources */ = {
			isa = PBXResourcesBuildPhase;
			buildActionMask = 2147483647;
			files = (
				FE9AD1632AA5F5C400B68355 /* Preview Assets.xcassets in Resources */,
				FE9AD1602AA5F5C400B68355 /* Assets.xcassets in Resources */,
			);
			runOnlyForDeploymentPostprocessing = 0;
		};
		FE9AD1662AA5F5C400B68355 /* Resources */ = {
			isa = PBXResourcesBuildPhase;
			buildActionMask = 2147483647;
			files = (
			);
			runOnlyForDeploymentPostprocessing = 0;
		};
		FE9AD1702AA5F5C400B68355 /* Resources */ = {
			isa = PBXResourcesBuildPhase;
			buildActionMask = 2147483647;
			files = (
			);
			runOnlyForDeploymentPostprocessing = 0;
		};
/* End PBXResourcesBuildPhase section */

/* Begin PBXSourcesBuildPhase section */
		FE9AD1542AA5F5C200B68355 /* Sources */ = {
			isa = PBXSourcesBuildPhase;
			buildActionMask = 2147483647;
			files = (
				FE58457E2B5D76870093DF2B /* BackgroundMaterialsBootcamp.swift in Sources */,
				FEDE61252B01471B00D0E0CA /* SheetsBootcamp.swift in Sources */,
				FEE073672AFC386A00FE7CB9 /* StateBootcamp.swift in Sources */,
				FEAED2322AFECC4500F582CD /* ExractSubviewsBootcamp.swift in Sources */,
				FECE39812AA8AD6600F55C39 /* GradientsBootcamp.swift in Sources */,
				FE5DB2512B48266700E3F61F /* TextfieldBootcamp.swift in Sources */,
				FE57F2882B4E97C50038A28E /* StepperBootcamp.swift in Sources */,
				FE1408F12B5413AF0077841E /* TapGestureBootcamp.swift in Sources */,
				FE58457C2B5D46850093DF2B /* AsyncImageBootcamp.swift in Sources */,
				FE1408F32B541B6D0077841E /* ModelBootcamp.swift in Sources */,
				FEDEBF602ACAB6D900C76C1D /* BackgroundAndOverlayBootcamp.swift in Sources */,
				FE76E3452AFA3758008186D7 /* ScrollViewBootcamp.swift in Sources */,
				FEDEBF642ACB412900C76C1D /* PaddingAndSpacerBootcamp.swift in Sources */,
				FE51F6D02AA73C8400782046 /* ColorsBootcamp.swift in Sources */,
				FEBF1E052B5BD05E006B5EB8 /* EnvironmentObjectBootcamp.swift in Sources */,
				FEEF636C2B4F0DB500C221EC /* TabViewBootcamp.swift in Sources */,
				FE5845822B5D7F280093DF2B /* ButtonStylesBootcamp.swift in Sources */,
				FEA505152B5BFF070098865C /* AppStorageBootcamp.swift in Sources */,
				FE2EE35C2B447F72008EEE2F /* ListBootcamp.swift in Sources */,
				FE58457A2B5D22080093DF2B /* ProfileView.swift in Sources */,
				FE803BD82B50336100510D5D /* DocumentationBootcamp.swift in Sources */,
				FEDEBF5E2ACAAB0C00C76C1D /* FrameBootcamp.swift in Sources */,
				FE2EE35A2B446420008EEE2F /* NavigationViewBootcamp1.swift in Sources */,
				FE5845842B5D86600093DF2B /* ListSwipeActionsBootcamp.swift in Sources */,
				FEB503612AF8F41F0008A387 /* InitializerBootcamp.swift in Sources */,
				FE51F6CE2AA727D300782046 /* ShapesBootcamp.swift in Sources */,
				FEC9F04D2AFFDA73008FA335 /* TernaryBootcamp.swift in Sources */,
				FEE073652AFBC4D300FE7CB9 /* ButtonsBootcamp.swift in Sources */,
				FEE073692AFCE6A000FE7CB9 /* ExtractedFunctions.swift in Sources */,
				FEDE61212B00FF2200D0E0CA /* AnimationTimingBootcamp.swift in Sources */,
				FE6DEB062AFB9B7F00CE26FD /* SafeAreaBootcamp.swift in Sources */,
				FE9AD15E2AA5F5C200B68355 /* ContentView.swift in Sources */,
				FEB503632AF927E70008A387 /* ForEachBootcamp.swift in Sources */,
				FE9AD1882AA5F9C700B68355 /* TextBootcamp.swift in Sources */,
				FE1408F52B55DF390077841E /* ViewModelBootcamp.swift in Sources */,
				FE9AD15C2AA5F5C200B68355 /* SwiftUIBootcampApp.swift in Sources */,
				FE39A2422B46CE2300811B98 /* ActionsheetBootcamp.swift in Sources */,
				FE57F2862B4DE01C0038A28E /* DatePickerBootcamp.swift in Sources */,
				FE39A2442B46E8B500811B98 /* ContextMenuBootcamp.swift in Sources */,
				FEDE61232B010CED00D0E0CA /* TransitionBootcamp.swift in Sources */,
				FE5DB2532B4848A600E3F61F /* TextEditorBootcamp.swift in Sources */,
				FEDEBF622ACAD3AC00C76C1D /* StacksBootcamp.swift in Sources */,
				FEA5051A2B5C2F9A0098865C /* OnboardingView.swift in Sources */,
				FE803BD62B4FFAAE00510D5D /* DarkModeBootcamp.swift in Sources */,
				FE0FA8D72B4C202A00D96C7A /* ColorPickerBootcamp.swift in Sources */,
				FE57F28A2B4E9F4E0038A28E /* SliderBootcamp.swift in Sources */,
				FE2252B92B02182800935C99 /* PopoverBootcamp.swift in Sources */,
				FE2EE35E2B44D65C008EEE2F /* AlertBootcamp.swift in Sources */,
				FEA505182B5C2D3F0098865C /* IntroView.swift in Sources */,
				FEEAABBF2B4945AC0093AAED /* ToggleBootcamp.swift in Sources */,
				FEC6987C2B532A6400A7C27F /* IfLetGuardBootcamp.swift in Sources */,
				FE4CBD442AFF794D00B83618 /* BindingBootcamp.swift in Sources */,
				FE5845802B5D7C1C0093DF2B /* TextSelectionBootcamp.swift in Sources */,
				FEDEBF662ACC58A100C76C1D /* SpacerBootcamp.swift in Sources */,
				FEC9F04F2B00311C008FA335 /* AnimationBootcamp.swift in Sources */,
				FEEAABC12B494B1F0093AAED /* PickerBootcamp.swift in Sources */,
				FE76E3472AFACB85008186D7 /* GridBootcamp.swift in Sources */,
				FE2EE3582B44422D008EEE2F /* NavigationViewBootcamp.swift in Sources */,
				FE76CCF12B5E64D600C39A9F /* BadgesBootcamp.swift in Sources */,
				FE803BDD2B51D33A00510D5D /* OnAppearBootcamp.swift in Sources */,
				FE4CBD462AFF852000B83618 /* ConditionalBootcamp.swift in Sources */,
				FEA7EA9A2AC9B15900406BE6 /* ImageBootcamp.swift in Sources */,
				FED2D3E42ABF858300F11E61 /* IconsBootcamp.swift in Sources */,
			);
			runOnlyForDeploymentPostprocessing = 0;
		};
		FE9AD1642AA5F5C400B68355 /* Sources */ = {
			isa = PBXSourcesBuildPhase;
			buildActionMask = 2147483647;
			files = (
				FE9AD16D2AA5F5C400B68355 /* SwiftUIBootcampTests.swift in Sources */,
			);
			runOnlyForDeploymentPostprocessing = 0;
		};
		FE9AD16E2AA5F5C400B68355 /* Sources */ = {
			isa = PBXSourcesBuildPhase;
			buildActionMask = 2147483647;
			files = (
				FE9AD1772AA5F5C400B68355 /* SwiftUIBootcampUITests.swift in Sources */,
				FE9AD1792AA5F5C400B68355 /* SwiftUIBootcampUITestsLaunchTests.swift in Sources */,
			);
			runOnlyForDeploymentPostprocessing = 0;
		};
/* End PBXSourcesBuildPhase section */

/* Begin PBXTargetDependency section */
		FE9AD16A2AA5F5C400B68355 /* PBXTargetDependency */ = {
			isa = PBXTargetDependency;
			target = FE9AD1572AA5F5C200B68355 /* SwiftUIBootcamp */;
			targetProxy = FE9AD1692AA5F5C400B68355 /* PBXContainerItemProxy */;
		};
		FE9AD1742AA5F5C400B68355 /* PBXTargetDependency */ = {
			isa = PBXTargetDependency;
			target = FE9AD1572AA5F5C200B68355 /* SwiftUIBootcamp */;
			targetProxy = FE9AD1732AA5F5C400B68355 /* PBXContainerItemProxy */;
		};
/* End PBXTargetDependency section */

/* Begin XCBuildConfiguration section */
		FE9AD17A2AA5F5C400B68355 /* Debug */ = {
			isa = XCBuildConfiguration;
			buildSettings = {
				ALWAYS_SEARCH_USER_PATHS = NO;
				CLANG_ANALYZER_NONNULL = YES;
				CLANG_ANALYZER_NUMBER_OBJECT_CONVERSION = YES_AGGRESSIVE;
				CLANG_CXX_LANGUAGE_STANDARD = "gnu++20";
				CLANG_ENABLE_MODULES = YES;
				CLANG_ENABLE_OBJC_ARC = YES;
				CLANG_ENABLE_OBJC_WEAK = YES;
				CLANG_WARN_BLOCK_CAPTURE_AUTORELEASING = YES;
				CLANG_WARN_BOOL_CONVERSION = YES;
				CLANG_WARN_COMMA = YES;
				CLANG_WARN_CONSTANT_CONVERSION = YES;
				CLANG_WARN_DEPRECATED_OBJC_IMPLEMENTATIONS = YES;
				CLANG_WARN_DIRECT_OBJC_ISA_USAGE = YES_ERROR;
				CLANG_WARN_DOCUMENTATION_COMMENTS = YES;
				CLANG_WARN_EMPTY_BODY = YES;
				CLANG_WARN_ENUM_CONVERSION = YES;
				CLANG_WARN_INFINITE_RECURSION = YES;
				CLANG_WARN_INT_CONVERSION = YES;
				CLANG_WARN_NON_LITERAL_NULL_CONVERSION = YES;
				CLANG_WARN_OBJC_IMPLICIT_RETAIN_SELF = YES;
				CLANG_WARN_OBJC_LITERAL_CONVERSION = YES;
				CLANG_WARN_OBJC_ROOT_CLASS = YES_ERROR;
				CLANG_WARN_QUOTED_INCLUDE_IN_FRAMEWORK_HEADER = YES;
				CLANG_WARN_RANGE_LOOP_ANALYSIS = YES;
				CLANG_WARN_STRICT_PROTOTYPES = YES;
				CLANG_WARN_SUSPICIOUS_MOVE = YES;
				CLANG_WARN_UNGUARDED_AVAILABILITY = YES_AGGRESSIVE;
				CLANG_WARN_UNREACHABLE_CODE = YES;
				CLANG_WARN__DUPLICATE_METHOD_MATCH = YES;
				COPY_PHASE_STRIP = NO;
				DEBUG_INFORMATION_FORMAT = dwarf;
				ENABLE_STRICT_OBJC_MSGSEND = YES;
				ENABLE_TESTABILITY = YES;
				GCC_C_LANGUAGE_STANDARD = gnu11;
				GCC_DYNAMIC_NO_PIC = NO;
				GCC_NO_COMMON_BLOCKS = YES;
				GCC_OPTIMIZATION_LEVEL = 0;
				GCC_PREPROCESSOR_DEFINITIONS = (
					"DEBUG=1",
					"$(inherited)",
				);
				GCC_WARN_64_TO_32_BIT_CONVERSION = YES;
				GCC_WARN_ABOUT_RETURN_TYPE = YES_ERROR;
				GCC_WARN_UNDECLARED_SELECTOR = YES;
				GCC_WARN_UNINITIALIZED_AUTOS = YES_AGGRESSIVE;
				GCC_WARN_UNUSED_FUNCTION = YES;
				GCC_WARN_UNUSED_VARIABLE = YES;
				IPHONEOS_DEPLOYMENT_TARGET = 16.1;
				MTL_ENABLE_DEBUG_INFO = INCLUDE_SOURCE;
				MTL_FAST_MATH = YES;
				ONLY_ACTIVE_ARCH = YES;
				SDKROOT = iphoneos;
				SWIFT_ACTIVE_COMPILATION_CONDITIONS = DEBUG;
				SWIFT_OPTIMIZATION_LEVEL = "-Onone";
			};
			name = Debug;
		};
		FE9AD17B2AA5F5C400B68355 /* Release */ = {
			isa = XCBuildConfiguration;
			buildSettings = {
				ALWAYS_SEARCH_USER_PATHS = NO;
				CLANG_ANALYZER_NONNULL = YES;
				CLANG_ANALYZER_NUMBER_OBJECT_CONVERSION = YES_AGGRESSIVE;
				CLANG_CXX_LANGUAGE_STANDARD = "gnu++20";
				CLANG_ENABLE_MODULES = YES;
				CLANG_ENABLE_OBJC_ARC = YES;
				CLANG_ENABLE_OBJC_WEAK = YES;
				CLANG_WARN_BLOCK_CAPTURE_AUTORELEASING = YES;
				CLANG_WARN_BOOL_CONVERSION = YES;
				CLANG_WARN_COMMA = YES;
				CLANG_WARN_CONSTANT_CONVERSION = YES;
				CLANG_WARN_DEPRECATED_OBJC_IMPLEMENTATIONS = YES;
				CLANG_WARN_DIRECT_OBJC_ISA_USAGE = YES_ERROR;
				CLANG_WARN_DOCUMENTATION_COMMENTS = YES;
				CLANG_WARN_EMPTY_BODY = YES;
				CLANG_WARN_ENUM_CONVERSION = YES;
				CLANG_WARN_INFINITE_RECURSION = YES;
				CLANG_WARN_INT_CONVERSION = YES;
				CLANG_WARN_NON_LITERAL_NULL_CONVERSION = YES;
				CLANG_WARN_OBJC_IMPLICIT_RETAIN_SELF = YES;
				CLANG_WARN_OBJC_LITERAL_CONVERSION = YES;
				CLANG_WARN_OBJC_ROOT_CLASS = YES_ERROR;
				CLANG_WARN_QUOTED_INCLUDE_IN_FRAMEWORK_HEADER = YES;
				CLANG_WARN_RANGE_LOOP_ANALYSIS = YES;
				CLANG_WARN_STRICT_PROTOTYPES = YES;
				CLANG_WARN_SUSPICIOUS_MOVE = YES;
				CLANG_WARN_UNGUARDED_AVAILABILITY = YES_AGGRESSIVE;
				CLANG_WARN_UNREACHABLE_CODE = YES;
				CLANG_WARN__DUPLICATE_METHOD_MATCH = YES;
				COPY_PHASE_STRIP = NO;
				DEBUG_INFORMATION_FORMAT = "dwarf-with-dsym";
				ENABLE_NS_ASSERTIONS = NO;
				ENABLE_STRICT_OBJC_MSGSEND = YES;
				GCC_C_LANGUAGE_STANDARD = gnu11;
				GCC_NO_COMMON_BLOCKS = YES;
				GCC_WARN_64_TO_32_BIT_CONVERSION = YES;
				GCC_WARN_ABOUT_RETURN_TYPE = YES_ERROR;
				GCC_WARN_UNDECLARED_SELECTOR = YES;
				GCC_WARN_UNINITIALIZED_AUTOS = YES_AGGRESSIVE;
				GCC_WARN_UNUSED_FUNCTION = YES;
				GCC_WARN_UNUSED_VARIABLE = YES;
				IPHONEOS_DEPLOYMENT_TARGET = 16.1;
				MTL_ENABLE_DEBUG_INFO = NO;
				MTL_FAST_MATH = YES;
				SDKROOT = iphoneos;
				SWIFT_COMPILATION_MODE = wholemodule;
				SWIFT_OPTIMIZATION_LEVEL = "-O";
				VALIDATE_PRODUCT = YES;
			};
			name = Release;
		};
		FE9AD17D2AA5F5C400B68355 /* Debug */ = {
			isa = XCBuildConfiguration;
			buildSettings = {
				ASSETCATALOG_COMPILER_APPICON_NAME = AppIcon;
				ASSETCATALOG_COMPILER_GLOBAL_ACCENT_COLOR_NAME = AccentColor;
				CODE_SIGN_STYLE = Automatic;
				CURRENT_PROJECT_VERSION = 1;
				DEVELOPMENT_ASSET_PATHS = "\"SwiftUIBootcamp/Preview Content\"";
				DEVELOPMENT_TEAM = YCQ4KH7F3F;
				ENABLE_PREVIEWS = YES;
				GENERATE_INFOPLIST_FILE = YES;
				INFOPLIST_KEY_UIApplicationSceneManifest_Generation = YES;
				INFOPLIST_KEY_UIApplicationSupportsIndirectInputEvents = YES;
				INFOPLIST_KEY_UILaunchScreen_Generation = YES;
				INFOPLIST_KEY_UISupportedInterfaceOrientations_iPad = "UIInterfaceOrientationPortrait UIInterfaceOrientationPortraitUpsideDown UIInterfaceOrientationLandscapeLeft UIInterfaceOrientationLandscapeRight";
				INFOPLIST_KEY_UISupportedInterfaceOrientations_iPhone = "UIInterfaceOrientationPortrait UIInterfaceOrientationLandscapeLeft UIInterfaceOrientationLandscapeRight";
				LD_RUNPATH_SEARCH_PATHS = (
					"$(inherited)",
					"@executable_path/Frameworks",
				);
				MARKETING_VERSION = 1.0;
				PRODUCT_BUNDLE_IDENTIFIER = com.eminecetinkaya.SwiftUIBootcamp;
				PRODUCT_NAME = "$(TARGET_NAME)";
				SWIFT_EMIT_LOC_STRINGS = YES;
				SWIFT_VERSION = 5.0;
				TARGETED_DEVICE_FAMILY = "1,2";
			};
			name = Debug;
		};
		FE9AD17E2AA5F5C400B68355 /* Release */ = {
			isa = XCBuildConfiguration;
			buildSettings = {
				ASSETCATALOG_COMPILER_APPICON_NAME = AppIcon;
				ASSETCATALOG_COMPILER_GLOBAL_ACCENT_COLOR_NAME = AccentColor;
				CODE_SIGN_STYLE = Automatic;
				CURRENT_PROJECT_VERSION = 1;
				DEVELOPMENT_ASSET_PATHS = "\"SwiftUIBootcamp/Preview Content\"";
				DEVELOPMENT_TEAM = YCQ4KH7F3F;
				ENABLE_PREVIEWS = YES;
				GENERATE_INFOPLIST_FILE = YES;
				INFOPLIST_KEY_UIApplicationSceneManifest_Generation = YES;
				INFOPLIST_KEY_UIApplicationSupportsIndirectInputEvents = YES;
				INFOPLIST_KEY_UILaunchScreen_Generation = YES;
				INFOPLIST_KEY_UISupportedInterfaceOrientations_iPad = "UIInterfaceOrientationPortrait UIInterfaceOrientationPortraitUpsideDown UIInterfaceOrientationLandscapeLeft UIInterfaceOrientationLandscapeRight";
				INFOPLIST_KEY_UISupportedInterfaceOrientations_iPhone = "UIInterfaceOrientationPortrait UIInterfaceOrientationLandscapeLeft UIInterfaceOrientationLandscapeRight";
				LD_RUNPATH_SEARCH_PATHS = (
					"$(inherited)",
					"@executable_path/Frameworks",
				);
				MARKETING_VERSION = 1.0;
				PRODUCT_BUNDLE_IDENTIFIER = com.eminecetinkaya.SwiftUIBootcamp;
				PRODUCT_NAME = "$(TARGET_NAME)";
				SWIFT_EMIT_LOC_STRINGS = YES;
				SWIFT_VERSION = 5.0;
				TARGETED_DEVICE_FAMILY = "1,2";
			};
			name = Release;
		};
		FE9AD1802AA5F5C400B68355 /* Debug */ = {
			isa = XCBuildConfiguration;
			buildSettings = {
				ALWAYS_EMBED_SWIFT_STANDARD_LIBRARIES = YES;
				BUNDLE_LOADER = "$(TEST_HOST)";
				CODE_SIGN_STYLE = Automatic;
				CURRENT_PROJECT_VERSION = 1;
				DEVELOPMENT_TEAM = YCQ4KH7F3F;
				GENERATE_INFOPLIST_FILE = YES;
				IPHONEOS_DEPLOYMENT_TARGET = 16.1;
				MARKETING_VERSION = 1.0;
				PRODUCT_BUNDLE_IDENTIFIER = com.eminecetinkaya.SwiftUIBootcampTests;
				PRODUCT_NAME = "$(TARGET_NAME)";
				SWIFT_EMIT_LOC_STRINGS = NO;
				SWIFT_VERSION = 5.0;
				TARGETED_DEVICE_FAMILY = "1,2";
				TEST_HOST = "$(BUILT_PRODUCTS_DIR)/SwiftUIBootcamp.app/$(BUNDLE_EXECUTABLE_FOLDER_PATH)/SwiftUIBootcamp";
			};
			name = Debug;
		};
		FE9AD1812AA5F5C400B68355 /* Release */ = {
			isa = XCBuildConfiguration;
			buildSettings = {
				ALWAYS_EMBED_SWIFT_STANDARD_LIBRARIES = YES;
				BUNDLE_LOADER = "$(TEST_HOST)";
				CODE_SIGN_STYLE = Automatic;
				CURRENT_PROJECT_VERSION = 1;
				DEVELOPMENT_TEAM = YCQ4KH7F3F;
				GENERATE_INFOPLIST_FILE = YES;
				IPHONEOS_DEPLOYMENT_TARGET = 16.1;
				MARKETING_VERSION = 1.0;
				PRODUCT_BUNDLE_IDENTIFIER = com.eminecetinkaya.SwiftUIBootcampTests;
				PRODUCT_NAME = "$(TARGET_NAME)";
				SWIFT_EMIT_LOC_STRINGS = NO;
				SWIFT_VERSION = 5.0;
				TARGETED_DEVICE_FAMILY = "1,2";
				TEST_HOST = "$(BUILT_PRODUCTS_DIR)/SwiftUIBootcamp.app/$(BUNDLE_EXECUTABLE_FOLDER_PATH)/SwiftUIBootcamp";
			};
			name = Release;
		};
		FE9AD1832AA5F5C400B68355 /* Debug */ = {
			isa = XCBuildConfiguration;
			buildSettings = {
				ALWAYS_EMBED_SWIFT_STANDARD_LIBRARIES = YES;
				CODE_SIGN_STYLE = Automatic;
				CURRENT_PROJECT_VERSION = 1;
				DEVELOPMENT_TEAM = YCQ4KH7F3F;
				GENERATE_INFOPLIST_FILE = YES;
				MARKETING_VERSION = 1.0;
				PRODUCT_BUNDLE_IDENTIFIER = com.eminecetinkaya.SwiftUIBootcampUITests;
				PRODUCT_NAME = "$(TARGET_NAME)";
				SWIFT_EMIT_LOC_STRINGS = NO;
				SWIFT_VERSION = 5.0;
				TARGETED_DEVICE_FAMILY = "1,2";
				TEST_TARGET_NAME = SwiftUIBootcamp;
			};
			name = Debug;
		};
		FE9AD1842AA5F5C400B68355 /* Release */ = {
			isa = XCBuildConfiguration;
			buildSettings = {
				ALWAYS_EMBED_SWIFT_STANDARD_LIBRARIES = YES;
				CODE_SIGN_STYLE = Automatic;
				CURRENT_PROJECT_VERSION = 1;
				DEVELOPMENT_TEAM = YCQ4KH7F3F;
				GENERATE_INFOPLIST_FILE = YES;
				MARKETING_VERSION = 1.0;
				PRODUCT_BUNDLE_IDENTIFIER = com.eminecetinkaya.SwiftUIBootcampUITests;
				PRODUCT_NAME = "$(TARGET_NAME)";
				SWIFT_EMIT_LOC_STRINGS = NO;
				SWIFT_VERSION = 5.0;
				TARGETED_DEVICE_FAMILY = "1,2";
				TEST_TARGET_NAME = SwiftUIBootcamp;
			};
			name = Release;
		};
/* End XCBuildConfiguration section */

/* Begin XCConfigurationList section */
		FE9AD1532AA5F5C200B68355 /* Build configuration list for PBXProject "SwiftUIBootcamp" */ = {
			isa = XCConfigurationList;
			buildConfigurations = (
				FE9AD17A2AA5F5C400B68355 /* Debug */,
				FE9AD17B2AA5F5C400B68355 /* Release */,
			);
			defaultConfigurationIsVisible = 0;
			defaultConfigurationName = Release;
		};
		FE9AD17C2AA5F5C400B68355 /* Build configuration list for PBXNativeTarget "SwiftUIBootcamp" */ = {
			isa = XCConfigurationList;
			buildConfigurations = (
				FE9AD17D2AA5F5C400B68355 /* Debug */,
				FE9AD17E2AA5F5C400B68355 /* Release */,
			);
			defaultConfigurationIsVisible = 0;
			defaultConfigurationName = Release;
		};
		FE9AD17F2AA5F5C400B68355 /* Build configuration list for PBXNativeTarget "SwiftUIBootcampTests" */ = {
			isa = XCConfigurationList;
			buildConfigurations = (
				FE9AD1802AA5F5C400B68355 /* Debug */,
				FE9AD1812AA5F5C400B68355 /* Release */,
			);
			defaultConfigurationIsVisible = 0;
			defaultConfigurationName = Release;
		};
		FE9AD1822AA5F5C400B68355 /* Build configuration list for PBXNativeTarget "SwiftUIBootcampUITests" */ = {
			isa = XCConfigurationList;
			buildConfigurations = (
				FE9AD1832AA5F5C400B68355 /* Debug */,
				FE9AD1842AA5F5C400B68355 /* Release */,
			);
			defaultConfigurationIsVisible = 0;
			defaultConfigurationName = Release;
		};
/* End XCConfigurationList section */
	};
	rootObject = FE9AD1502AA5F5C200B68355 /* Project object */;
}
